
Microsoft Visual Studio Solution File, Format Version 12.00
# Visual Studio Version 17
VisualStudioVersion = 17.1.32414.318
MinimumVisualStudioVersion = 10.0.40219.1
Project("{FAE04EC0-301F-11D3-BF4B-00C04F79EFBC}") = "WinFormsCalculator", "WinFormsCalculator\WinFormsCalculator.csproj", "{AFAC02DF-AD77-46A3-9825-2A6827247995}"
EndProject
Global
	GlobalSection(SolutionConfigurationPlatforms) = preSolution
		Debug|Any CPU = Debug|Any CPU
		Release|Any CPU = Release|Any CPU
	EndGlobalSection
	GlobalSection(ProjectConfigurationPlatforms) = postSolution
		{AFAC02DF-AD77-46A3-9825-2A6827247995}.Debug|Any CPU.ActiveCfg = Debug|Any CPU
		{AFAC02DF-AD77-46A3-9825-2A6827247995}.Debug|Any CPU.Build.0 = Debug|Any CPU
		{AFAC02DF-AD77-46A3-9825-2A6827247995}.Release|Any CPU.ActiveCfg = Release|Any CPU
		{AFAC02DF-AD77-46A3-9825-2A6827247995}.Release|Any CPU.Build.0 = Release|Any CPU
	EndGlobalSection
	GlobalSection(SolutionProperties) = preSolution
		HideSolutionNode = FALSE
	EndGlobalSection
	GlobalSection(ExtensibilityGlobals) = postSolution
		SolutionGuid = {6E05A969-A36E-428A-87C0-E2089E6B3113}
	EndGlobalSection
EndGlobal
